
Microsoft Visual Studio Solution File, Format Version 12.00
# Visual Studio Version 17
VisualStudioVersion = 17.8.34601.278
MinimumVisualStudioVersion = 10.0.40219.1
Project("{8BC9CEB8-8B4A-11D0-8D11-00A0C91BC942}") = "cpp_app_3", "cpp_app_3.vcxproj", "{987002B5-6B98-48D9-9557-86AE6938E633}"
EndProject
Global
	GlobalSection(SolutionConfigurationPlatforms) = preSolution
		Debug|x64 = Debug|x64
		Debug|x86 = Debug|x86
		Release|x64 = Release|x64
		Release|x86 = Release|x86
	EndGlobalSection
	GlobalSection(ProjectConfigurationPlatforms) = postSolution
		{987002B5-6B98-48D9-9557-86AE6938E633}.Debug|x64.ActiveCfg = Debug|x64
		{987002B5-6B98-48D9-9557-86AE6938E633}.Debug|x64.Build.0 = Debug|x64
		{987002B5-6B98-48D9-9557-86AE6938E633}.Debug|x86.ActiveCfg = Debug|Win32
		{987002B5-6B98-48D9-9557-86AE6938E633}.Debug|x86.Build.0 = Debug|Win32
		{987002B5-6B98-48D9-9557-86AE6938E633}.Release|x64.ActiveCfg = Release|x64
		{987002B5-6B98-48D9-9557-86AE6938E633}.Release|x64.Build.0 = Release|x64
		{987002B5-6B98-48D9-9557-86AE6938E633}.Release|x86.ActiveCfg = Release|Win32
		{987002B5-6B98-48D9-9557-86AE6938E633}.Release|x86.Build.0 = Release|Win32
	EndGlobalSection
	GlobalSection(SolutionProperties) = preSolution
		HideSolutionNode = FALSE
	EndGlobalSection
	GlobalSection(ExtensibilityGlobals) = postSolution
		SolutionGuid = {F6378A4E-A5A9-4DD2-BEEF-2B760C118FB7}
	EndGlobalSection
EndGlobal
